
Microsoft Visual Studio Solution File, Format Version 12.00
# Visual Studio Version 17
VisualStudioVersion = 17.5.002.0
MinimumVisualStudioVersion = 10.0.40219.1
Project("{9A19103F-16F7-4668-BE54-9A1E7A4F7556}") = "ChatServer.Main", "ChatServer.Main.csproj", "{C3C5421C-860C-4DF1-A3F0-39ECD276DE94}"
EndProject
Global
	GlobalSection(SolutionConfigurationPlatforms) = preSolution
		Debug|Any CPU = Debug|Any CPU
		Release|Any CPU = Release|Any CPU
	EndGlobalSection
	GlobalSection(ProjectConfigurationPlatforms) = postSolution
		{C3C5421C-860C-4DF1-A3F0-39ECD276DE94}.Debug|Any CPU.ActiveCfg = Debug|Any CPU
		{C3C5421C-860C-4DF1-A3F0-39ECD276DE94}.Debug|Any CPU.Build.0 = Debug|Any CPU
		{C3C5421C-860C-4DF1-A3F0-39ECD276DE94}.Release|Any CPU.ActiveCfg = Release|Any CPU
		{C3C5421C-860C-4DF1-A3F0-39ECD276DE94}.Release|Any CPU.Build.0 = Release|Any CPU
	EndGlobalSection
	GlobalSection(SolutionProperties) = preSolution
		HideSolutionNode = FALSE
	EndGlobalSection
	GlobalSection(ExtensibilityGlobals) = postSolution
		SolutionGuid = {96B82899-8694-4FD0-9FC8-2C96271B2403}
	EndGlobalSection
EndGlobal
