Microsoft Visual Studio Solution File, Format Version 12.00
# Visual Studio Version 17
VisualStudioVersion = 17.5.2.0
MinimumVisualStudioVersion = 10.0.40219.1
Project("{FAE04EC0-301F-11D3-BF4B-00C04F79EFBC}") = "ChatServer.Resources.WebApi", "ChatServer.Resources.WebApi.csproj", "{70FEE578-E257-A445-E361-72D7123102F2}"
EndProject
Global
	GlobalSection(SolutionConfigurationPlatforms) = preSolution
		Debug|Any CPU = Debug|Any CPU
		Release|Any CPU = Release|Any CPU
	EndGlobalSection
	GlobalSection(ProjectConfigurationPlatforms) = postSolution
		{70FEE578-E257-A445-E361-72D7123102F2}.Debug|Any CPU.ActiveCfg = Debug|Any CPU
		{70FEE578-E257-A445-E361-72D7123102F2}.Debug|Any CPU.Build.0 = Debug|Any CPU
		{70FEE578-E257-A445-E361-72D7123102F2}.Release|Any CPU.ActiveCfg = Release|Any CPU
		{70FEE578-E257-A445-E361-72D7123102F2}.Release|Any CPU.Build.0 = Release|Any CPU
	EndGlobalSection
	GlobalSection(SolutionProperties) = preSolution
		HideSolutionNode = FALSE
	EndGlobalSection
	GlobalSection(ExtensibilityGlobals) = postSolution
		SolutionGuid = {B8EF2A16-A40B-40A1-8180-7040D29A52FB}
	EndGlobalSection
EndGlobal
